
Microsoft Visual Studio Solution File, Format Version 12.00
# Visual Studio Version 17
VisualStudioVersion = 17.0.31612.314
MinimumVisualStudioVersion = 10.0.40219.1
Project("{9A19103F-16F7-4668-BE54-9A1E7A4F7556}") = "Bdaya.Firebase.Firestore", "Bdaya.Firebase.Firestore\Bdaya.Firebase.Firestore.csproj", "{15423A36-3246-42BD-90FC-F2FA63ACAC94}"
EndProject
Project("{9092AA53-FB77-4645-B42D-1CCCA6BD08BD}") = "Bdaya.Firebase.Functions.AuthListener", "Bdaya.Firebase.Functions.AuthListener\Bdaya.Firebase.Functions.AuthListener.njsproj", "{4F03584A-97C0-4F69-80FE-249723AC1ADA}"
EndProject
Project("{FAE04EC0-301F-11D3-BF4B-00C04F79EFBC}") = "Bdaya.Firebase.Storage", "Bdaya.Firebase.Storage\Bdaya.Firebase.Storage.csproj", "{39B21898-98FD-41CE-B72A-E3DB8DE75515}"
EndProject
Project("{FAE04EC0-301F-11D3-BF4B-00C04F79EFBC}") = "Bdaya.Firebase.Common", "Bdaya.Firebase.Common\Bdaya.Firebase.Common.csproj", "{1C1B96B1-FCF9-4B22-BCBC-1499D775F321}"
EndProject
Project("{FAE04EC0-301F-11D3-BF4B-00C04F79EFBC}") = "Bdaya.Firebase.Auth", "Bdaya.Firebase.Auth\Bdaya.Firebase.Auth.csproj", "{6483979D-629C-4FA4-974E-79443BF288A8}"
EndProject
Project("{2150E333-8FDC-42A3-9474-1A3956D46DE8}") = "Solution Items", "Solution Items", "{9C398057-743D-4929-8F32-84D5765DCA37}"
	ProjectSection(SolutionItems) = preProject
		PackAll.ps1 = PackAll.ps1
		Shared.targets = Shared.targets
	EndProjectSection
EndProject
Global
	GlobalSection(SolutionConfigurationPlatforms) = preSolution
		Debug|Any CPU = Debug|Any CPU
		Release|Any CPU = Release|Any CPU
	EndGlobalSection
	GlobalSection(ProjectConfigurationPlatforms) = postSolution
		{15423A36-3246-42BD-90FC-F2FA63ACAC94}.Debug|Any CPU.ActiveCfg = Debug|Any CPU
		{15423A36-3246-42BD-90FC-F2FA63ACAC94}.Debug|Any CPU.Build.0 = Debug|Any CPU
		{15423A36-3246-42BD-90FC-F2FA63ACAC94}.Release|Any CPU.ActiveCfg = Release|Any CPU
		{15423A36-3246-42BD-90FC-F2FA63ACAC94}.Release|Any CPU.Build.0 = Release|Any CPU
		{4F03584A-97C0-4F69-80FE-249723AC1ADA}.Debug|Any CPU.ActiveCfg = Debug|Any CPU
		{4F03584A-97C0-4F69-80FE-249723AC1ADA}.Release|Any CPU.ActiveCfg = Release|Any CPU
		{4F03584A-97C0-4F69-80FE-249723AC1ADA}.Release|Any CPU.Build.0 = Release|Any CPU
		{39B21898-98FD-41CE-B72A-E3DB8DE75515}.Debug|Any CPU.ActiveCfg = Debug|Any CPU
		{39B21898-98FD-41CE-B72A-E3DB8DE75515}.Debug|Any CPU.Build.0 = Debug|Any CPU
		{39B21898-98FD-41CE-B72A-E3DB8DE75515}.Release|Any CPU.ActiveCfg = Release|Any CPU
		{39B21898-98FD-41CE-B72A-E3DB8DE75515}.Release|Any CPU.Build.0 = Release|Any CPU
		{1C1B96B1-FCF9-4B22-BCBC-1499D775F321}.Debug|Any CPU.ActiveCfg = Debug|Any CPU
		{1C1B96B1-FCF9-4B22-BCBC-1499D775F321}.Debug|Any CPU.Build.0 = Debug|Any CPU
		{1C1B96B1-FCF9-4B22-BCBC-1499D775F321}.Release|Any CPU.ActiveCfg = Release|Any CPU
		{1C1B96B1-FCF9-4B22-BCBC-1499D775F321}.Release|Any CPU.Build.0 = Release|Any CPU
		{6483979D-629C-4FA4-974E-79443BF288A8}.Debug|Any CPU.ActiveCfg = Debug|Any CPU
		{6483979D-629C-4FA4-974E-79443BF288A8}.Debug|Any CPU.Build.0 = Debug|Any CPU
		{6483979D-629C-4FA4-974E-79443BF288A8}.Release|Any CPU.ActiveCfg = Release|Any CPU
		{6483979D-629C-4FA4-974E-79443BF288A8}.Release|Any CPU.Build.0 = Release|Any CPU
	EndGlobalSection
	GlobalSection(SolutionProperties) = preSolution
		HideSolutionNode = FALSE
	EndGlobalSection
	GlobalSection(ExtensibilityGlobals) = postSolution
		SolutionGuid = {70E2A440-C4D9-4D9D-9769-5ECEBD979257}
	EndGlobalSection
EndGlobal
